// !$*UTF8*$!
{
	archiveVersion = 1;
	classes = {
	};
	objectVersion = 56;
	objects = {

/* Begin PBXBuildFile section */
		CC21420C2A837CA0009D1C0A /* AppDelegate.swift in Sources */ = {isa = PBXBuildFile; fileRef = CC21420B2A837CA0009D1C0A /* AppDelegate.swift */; };
		CC2142162A837CA0009D1C0A /* Movietranding.xcdatamodeld in Sources */ = {isa = PBXBuildFile; fileRef = CC2142142A837CA0009D1C0A /* Movietranding.xcdatamodeld */; };
		CC2142182A837CA1009D1C0A /* Assets.xcassets in Resources */ = {isa = PBXBuildFile; fileRef = CC2142172A837CA1009D1C0A /* Assets.xcassets */; };
		CC21421B2A837CA1009D1C0A /* LaunchScreen.storyboard in Resources */ = {isa = PBXBuildFile; fileRef = CC2142192A837CA1009D1C0A /* LaunchScreen.storyboard */; };
		CC2142252A837D6C009D1C0A /* MainViewController.swift in Sources */ = {isa = PBXBuildFile; fileRef = CC2142232A837D6C009D1C0A /* MainViewController.swift */; };
		CC2142262A837D6C009D1C0A /* MainViewController.xib in Resources */ = {isa = PBXBuildFile; fileRef = CC2142242A837D6C009D1C0A /* MainViewController.xib */; };
		CC281A322A84BFB800BE8D58 /* MainViewController+TableView.swift in Sources */ = {isa = PBXBuildFile; fileRef = CC281A312A84BFB800BE8D58 /* MainViewController+TableView.swift */; };
		CC281A342A84C14100BE8D58 /* MainViewModel.swift in Sources */ = {isa = PBXBuildFile; fileRef = CC281A332A84C14100BE8D58 /* MainViewModel.swift */; };
		CC281A362A84C98E00BE8D58 /* NetworkConstant.swift in Sources */ = {isa = PBXBuildFile; fileRef = CC281A352A84C98E00BE8D58 /* NetworkConstant.swift */; };
		CC281A382A84CBD300BE8D58 /* APICaller.swift in Sources */ = {isa = PBXBuildFile; fileRef = CC281A372A84CBD300BE8D58 /* APICaller.swift */; };
		CC281A3A2A84CC9600BE8D58 /* TrandingMoviesModel.swift in Sources */ = {isa = PBXBuildFile; fileRef = CC281A392A84CC9600BE8D58 /* TrandingMoviesModel.swift */; };
		CC572CD52A879EAE0026BCA5 /* UIViewExtensions.swift in Sources */ = {isa = PBXBuildFile; fileRef = CC572CD42A879EAE0026BCA5 /* UIViewExtensions.swift */; };
		CC572CD72A879F980026BCA5 /* MovieTableCellViewModel.swift in Sources */ = {isa = PBXBuildFile; fileRef = CC572CD62A879F980026BCA5 /* MovieTableCellViewModel.swift */; };
		CC572CDA2A87A28E0026BCA5 /* SDWebImage in Frameworks */ = {isa = PBXBuildFile; productRef = CC572CD92A87A28E0026BCA5 /* SDWebImage */; };
		CC572CDD2A87A5190026BCA5 /* MainMovieCell.xib in Resources */ = {isa = PBXBuildFile; fileRef = CC572CDC2A87A5190026BCA5 /* MainMovieCell.xib */; };
		CC572CE32A87BFD30026BCA5 /* DetailsMovieViewController.swift in Sources */ = {isa = PBXBuildFile; fileRef = CC572CE12A87BFD30026BCA5 /* DetailsMovieViewController.swift */; };
		CC572CE42A87BFD30026BCA5 /* DetailsMovieViewController.xib in Resources */ = {isa = PBXBuildFile; fileRef = CC572CE22A87BFD30026BCA5 /* DetailsMovieViewController.xib */; };
		CC572CE62A87C1CA0026BCA5 /* DetailsMovieViewModel.swift in Sources */ = {isa = PBXBuildFile; fileRef = CC572CE52A87C1CA0026BCA5 /* DetailsMovieViewModel.swift */; };
		CC7D0BD92A85FFE6007AE5E9 /* Observable.swift in Sources */ = {isa = PBXBuildFile; fileRef = CC7D0BD82A85FFE6007AE5E9 /* Observable.swift */; };
		CC7D0BDE2A860F0B007AE5E9 /* MainMovieCell.swift in Sources */ = {isa = PBXBuildFile; fileRef = CC7D0BDC2A860F0B007AE5E9 /* MainMovieCell.swift */; };
/* End PBXBuildFile section */

/* Begin PBXFileReference section */
		CC2142082A837CA0009D1C0A /* Movietranding.app */ = {isa = PBXFileReference; explicitFileType = wrapper.application; includeInIndex = 0; path = Movietranding.app; sourceTree = BUILT_PRODUCTS_DIR; };
		CC21420B2A837CA0009D1C0A /* AppDelegate.swift */ = {isa = PBXFileReference; lastKnownFileType = sourcecode.swift; path = AppDelegate.swift; sourceTree = "<group>"; };
		CC2142152A837CA0009D1C0A /* Movietranding.xcdatamodel */ = {isa = PBXFileReference; lastKnownFileType = wrapper.xcdatamodel; path = Movietranding.xcdatamodel; sourceTree = "<group>"; };
		CC2142172A837CA1009D1C0A /* Assets.xcassets */ = {isa = PBXFileReference; lastKnownFileType = folder.assetcatalog; path = Assets.xcassets; sourceTree = "<group>"; };
		CC21421A2A837CA1009D1C0A /* Base */ = {isa = PBXFileReference; lastKnownFileType = file.storyboard; name = Base; path = Base.lproj/LaunchScreen.storyboard; sourceTree = "<group>"; };
		CC21421C2A837CA1009D1C0A /* Info.plist */ = {isa = PBXFileReference; lastKnownFileType = text.plist.xml; path = Info.plist; sourceTree = "<group>"; };
		CC2142232A837D6C009D1C0A /* MainViewController.swift */ = {isa = PBXFileReference; lastKnownFileType = sourcecode.swift; path = MainViewController.swift; sourceTree = "<group>"; };
		CC2142242A837D6C009D1C0A /* MainViewController.xib */ = {isa = PBXFileReference; lastKnownFileType = file.xib; path = MainViewController.xib; sourceTree = "<group>"; };
		CC281A312A84BFB800BE8D58 /* MainViewController+TableView.swift */ = {isa = PBXFileReference; lastKnownFileType = sourcecode.swift; path = "MainViewController+TableView.swift"; sourceTree = "<group>"; };
		CC281A332A84C14100BE8D58 /* MainViewModel.swift */ = {isa = PBXFileReference; lastKnownFileType = sourcecode.swift; path = MainViewModel.swift; sourceTree = "<group>"; };
		CC281A352A84C98E00BE8D58 /* NetworkConstant.swift */ = {isa = PBXFileReference; lastKnownFileType = sourcecode.swift; path = NetworkConstant.swift; sourceTree = "<group>"; };
		CC281A372A84CBD300BE8D58 /* APICaller.swift */ = {isa = PBXFileReference; lastKnownFileType = sourcecode.swift; path = APICaller.swift; sourceTree = "<group>"; };
		CC281A392A84CC9600BE8D58 /* TrandingMoviesModel.swift */ = {isa = PBXFileReference; lastKnownFileType = sourcecode.swift; path = TrandingMoviesModel.swift; sourceTree = "<group>"; };
		CC572CD42A879EAE0026BCA5 /* UIViewExtensions.swift */ = {isa = PBXFileReference; lastKnownFileType = sourcecode.swift; path = UIViewExtensions.swift; sourceTree = "<group>"; };
		CC572CD62A879F980026BCA5 /* MovieTableCellViewModel.swift */ = {isa = PBXFileReference; lastKnownFileType = sourcecode.swift; path = MovieTableCellViewModel.swift; sourceTree = "<group>"; };
		CC572CDC2A87A5190026BCA5 /* MainMovieCell.xib */ = {isa = PBXFileReference; fileEncoding = 4; lastKnownFileType = file.xib; path = MainMovieCell.xib; sourceTree = "<group>"; };
		CC572CE12A87BFD30026BCA5 /* DetailsMovieViewController.swift */ = {isa = PBXFileReference; lastKnownFileType = sourcecode.swift; path = DetailsMovieViewController.swift; sourceTree = "<group>"; };
		CC572CE22A87BFD30026BCA5 /* DetailsMovieViewController.xib */ = {isa = PBXFileReference; lastKnownFileType = file.xib; path = DetailsMovieViewController.xib; sourceTree = "<group>"; };
		CC572CE52A87C1CA0026BCA5 /* DetailsMovieViewModel.swift */ = {isa = PBXFileReference; lastKnownFileType = sourcecode.swift; path = DetailsMovieViewModel.swift; sourceTree = "<group>"; };
		CC7D0BD82A85FFE6007AE5E9 /* Observable.swift */ = {isa = PBXFileReference; lastKnownFileType = sourcecode.swift; path = Observable.swift; sourceTree = "<group>"; };
		CC7D0BDC2A860F0B007AE5E9 /* MainMovieCell.swift */ = {isa = PBXFileReference; lastKnownFileType = sourcecode.swift; path = MainMovieCell.swift; sourceTree = "<group>"; };
/* End PBXFileReference section */

/* Begin PBXFrameworksBuildPhase section */
		CC2142052A837CA0009D1C0A /* Frameworks */ = {
			isa = PBXFrameworksBuildPhase;
			buildActionMask = 2147483647;
			files = (
				CC572CDA2A87A28E0026BCA5 /* SDWebImage in Frameworks */,
			);
			runOnlyForDeploymentPostprocessing = 0;
		};
/* End PBXFrameworksBuildPhase section */

/* Begin PBXGroup section */
		CC2141FF2A837CA0009D1C0A = {
			isa = PBXGroup;
			children = (
				CC21420A2A837CA0009D1C0A /* Movietranding */,
				CC2142092A837CA0009D1C0A /* Products */,
			);
			sourceTree = "<group>";
		};
		CC2142092A837CA0009D1C0A /* Products */ = {
			isa = PBXGroup;
			children = (
				CC2142082A837CA0009D1C0A /* Movietranding.app */,
			);
			name = Products;
			sourceTree = "<group>";
		};
		CC21420A2A837CA0009D1C0A /* Movietranding */ = {
			isa = PBXGroup;
			children = (
				CC21422E2A837F0A009D1C0A /* Networking */,
				CC21422D2A837F02009D1C0A /* Extension */,
				CC21422C2A837EF3009D1C0A /* Resources */,
				CC21422B2A837EE4009D1C0A /* Classes */,
				CC21422A2A837EDB009D1C0A /* Model */,
				CC2142292A837ECC009D1C0A /* Controllers */,
				CC2142282A837EC2009D1C0A /* ViewModel */,
				CC2142272A837EBD009D1C0A /* View */,
				CC21420B2A837CA0009D1C0A /* AppDelegate.swift */,
				CC21421C2A837CA1009D1C0A /* Info.plist */,
				CC2142142A837CA0009D1C0A /* Movietranding.xcdatamodeld */,
			);
			path = Movietranding;
			sourceTree = "<group>";
		};
		CC2142222A837D53009D1C0A /* MainViewController */ = {
			isa = PBXGroup;
			children = (
				CC2142232A837D6C009D1C0A /* MainViewController.swift */,
				CC2142242A837D6C009D1C0A /* MainViewController.xib */,
				CC281A312A84BFB800BE8D58 /* MainViewController+TableView.swift */,
			);
			path = MainViewController;
			sourceTree = "<group>";
		};
		CC2142272A837EBD009D1C0A /* View */ = {
			isa = PBXGroup;
			children = (
				CC572CDB2A87A3C40026BCA5 /* MovieTableCell */,
				CC2142192A837CA1009D1C0A /* LaunchScreen.storyboard */,
			);
			path = View;
			sourceTree = "<group>";
		};
		CC2142282A837EC2009D1C0A /* ViewModel */ = {
			isa = PBXGroup;
			children = (
				CC281A332A84C14100BE8D58 /* MainViewModel.swift */,
				CC572CD62A879F980026BCA5 /* MovieTableCellViewModel.swift */,
				CC572CE52A87C1CA0026BCA5 /* DetailsMovieViewModel.swift */,
			);
			path = ViewModel;
			sourceTree = "<group>";
		};
		CC2142292A837ECC009D1C0A /* Controllers */ = {
			isa = PBXGroup;
			children = (
				CC572CDE2A87BF810026BCA5 /* DetailsMovieViewController */,
				CC2142222A837D53009D1C0A /* MainViewController */,
			);
			path = Controllers;
			sourceTree = "<group>";
		};
		CC21422A2A837EDB009D1C0A /* Model */ = {
			isa = PBXGroup;
			children = (
				CC281A392A84CC9600BE8D58 /* TrandingMoviesModel.swift */,
			);
			path = Model;
			sourceTree = "<group>";
		};
		CC21422B2A837EE4009D1C0A /* Classes */ = {
			isa = PBXGroup;
			children = (
				CC7D0BD82A85FFE6007AE5E9 /* Observable.swift */,
			);
			path = Classes;
			sourceTree = "<group>";
		};
		CC21422C2A837EF3009D1C0A /* Resources */ = {
			isa = PBXGroup;
			children = (
				CC2142172A837CA1009D1C0A /* Assets.xcassets */,
			);
			path = Resources;
			sourceTree = "<group>";
		};
		CC21422D2A837F02009D1C0A /* Extension */ = {
			isa = PBXGroup;
			children = (
				CC572CD42A879EAE0026BCA5 /* UIViewExtensions.swift */,
			);
			path = Extension;
			sourceTree = "<group>";
		};
		CC21422E2A837F0A009D1C0A /* Networking */ = {
			isa = PBXGroup;
			children = (
				CC281A352A84C98E00BE8D58 /* NetworkConstant.swift */,
				CC281A372A84CBD300BE8D58 /* APICaller.swift */,
			);
			path = Networking;
			sourceTree = "<group>";
		};
		CC572CDB2A87A3C40026BCA5 /* MovieTableCell */ = {
			isa = PBXGroup;
			children = (
				CC7D0BDC2A860F0B007AE5E9 /* MainMovieCell.swift */,
				CC572CDC2A87A5190026BCA5 /* MainMovieCell.xib */,
			);
			path = MovieTableCell;
			sourceTree = "<group>";
		};
		CC572CDE2A87BF810026BCA5 /* DetailsMovieViewController */ = {
			isa = PBXGroup;
			children = (
				CC572CE12A87BFD30026BCA5 /* DetailsMovieViewController.swift */,
				CC572CE22A87BFD30026BCA5 /* DetailsMovieViewController.xib */,
			);
			path = DetailsMovieViewController;
			sourceTree = "<group>";
		};
/* End PBXGroup section */

/* Begin PBXNativeTarget section */
		CC2142072A837CA0009D1C0A /* Movietranding */ = {
			isa = PBXNativeTarget;
			buildConfigurationList = CC21421F2A837CA1009D1C0A /* Build configuration list for PBXNativeTarget "Movietranding" */;
			buildPhases = (
				CC2142042A837CA0009D1C0A /* Sources */,
				CC2142052A837CA0009D1C0A /* Frameworks */,
				CC2142062A837CA0009D1C0A /* Resources */,
			);
			buildRules = (
			);
			dependencies = (
			);
			name = Movietranding;
			packageProductDependencies = (
				CC572CD92A87A28E0026BCA5 /* SDWebImage */,
			);
			productName = Movietranding;
			productReference = CC2142082A837CA0009D1C0A /* Movietranding.app */;
			productType = "com.apple.product-type.application";
		};
/* End PBXNativeTarget section */

/* Begin PBXProject section */
		CC2142002A837CA0009D1C0A /* Project object */ = {
			isa = PBXProject;
			attributes = {
				BuildIndependentTargetsInParallel = 1;
				LastSwiftUpdateCheck = 1430;
				LastUpgradeCheck = 1430;
				TargetAttributes = {
					CC2142072A837CA0009D1C0A = {
						CreatedOnToolsVersion = 14.3.1;
					};
				};
			};
			buildConfigurationList = CC2142032A837CA0009D1C0A /* Build configuration list for PBXProject "Movietranding" */;
			compatibilityVersion = "Xcode 14.0";
			developmentRegion = en;
			hasScannedForEncodings = 0;
			knownRegions = (
				en,
				Base,
			);
			mainGroup = CC2141FF2A837CA0009D1C0A;
			packageReferences = (
				CC572CD82A87A28E0026BCA5 /* XCRemoteSwiftPackageReference "SDWebImage" */,
			);
			productRefGroup = CC2142092A837CA0009D1C0A /* Products */;
			projectDirPath = "";
			projectRoot = "";
			targets = (
				CC2142072A837CA0009D1C0A /* Movietranding */,
			);
		};
/* End PBXProject section */

/* Begin PBXResourcesBuildPhase section */
		CC2142062A837CA0009D1C0A /* Resources */ = {
			isa = PBXResourcesBuildPhase;
			buildActionMask = 2147483647;
			files = (
				CC21421B2A837CA1009D1C0A /* LaunchScreen.storyboard in Resources */,
				CC2142262A837D6C009D1C0A /* MainViewController.xib in Resources */,
				CC2142182A837CA1009D1C0A /* Assets.xcassets in Resources */,
				CC572CE42A87BFD30026BCA5 /* DetailsMovieViewController.xib in Resources */,
				CC572CDD2A87A5190026BCA5 /* MainMovieCell.xib in Resources */,
			);
			runOnlyForDeploymentPostprocessing = 0;
		};
/* End PBXResourcesBuildPhase section */

/* Begin PBXSourcesBuildPhase section */
		CC2142042A837CA0009D1C0A /* Sources */ = {
			isa = PBXSourcesBuildPhase;
			buildActionMask = 2147483647;
			files = (
				CC572CE62A87C1CA0026BCA5 /* DetailsMovieViewModel.swift in Sources */,
				CC572CD52A879EAE0026BCA5 /* UIViewExtensions.swift in Sources */,
				CC281A342A84C14100BE8D58 /* MainViewModel.swift in Sources */,
				CC2142252A837D6C009D1C0A /* MainViewController.swift in Sources */,
				CC2142162A837CA0009D1C0A /* Movietranding.xcdatamodeld in Sources */,
				CC281A382A84CBD300BE8D58 /* APICaller.swift in Sources */,
				CC7D0BD92A85FFE6007AE5E9 /* Observable.swift in Sources */,
				CC7D0BDE2A860F0B007AE5E9 /* MainMovieCell.swift in Sources */,
				CC21420C2A837CA0009D1C0A /* AppDelegate.swift in Sources */,
				CC572CD72A879F980026BCA5 /* MovieTableCellViewModel.swift in Sources */,
				CC572CE32A87BFD30026BCA5 /* DetailsMovieViewController.swift in Sources */,
				CC281A362A84C98E00BE8D58 /* NetworkConstant.swift in Sources */,
				CC281A322A84BFB800BE8D58 /* MainViewController+TableView.swift in Sources */,
				CC281A3A2A84CC9600BE8D58 /* TrandingMoviesModel.swift in Sources */,
			);
			runOnlyForDeploymentPostprocessing = 0;
		};
/* End PBXSourcesBuildPhase section */

/* Begin PBXVariantGroup section */
		CC2142192A837CA1009D1C0A /* LaunchScreen.storyboard */ = {
			isa = PBXVariantGroup;
			children = (
				CC21421A2A837CA1009D1C0A /* Base */,
			);
			name = LaunchScreen.storyboard;
			sourceTree = "<group>";
		};
/* End PBXVariantGroup section */

/* Begin XCBuildConfiguration section */
		CC21421D2A837CA1009D1C0A /* Debug */ = {
			isa = XCBuildConfiguration;
			buildSettings = {
				ALWAYS_SEARCH_USER_PATHS = NO;
				CLANG_ANALYZER_NONNULL = YES;
				CLANG_ANALYZER_NUMBER_OBJECT_CONVERSION = YES_AGGRESSIVE;
				CLANG_CXX_LANGUAGE_STANDARD = "gnu++20";
				CLANG_ENABLE_MODULES = YES;
				CLANG_ENABLE_OBJC_ARC = YES;
				CLANG_ENABLE_OBJC_WEAK = YES;
				CLANG_WARN_BLOCK_CAPTURE_AUTORELEASING = YES;
				CLANG_WARN_BOOL_CONVERSION = YES;
				CLANG_WARN_COMMA = YES;
				CLANG_WARN_CONSTANT_CONVERSION = YES;
				CLANG_WARN_DEPRECATED_OBJC_IMPLEMENTATIONS = YES;
				CLANG_WARN_DIRECT_OBJC_ISA_USAGE = YES_ERROR;
				CLANG_WARN_DOCUMENTATION_COMMENTS = YES;
				CLANG_WARN_EMPTY_BODY = YES;
				CLANG_WARN_ENUM_CONVERSION = YES;
				CLANG_WARN_INFINITE_RECURSION = YES;
				CLANG_WARN_INT_CONVERSION = YES;
				CLANG_WARN_NON_LITERAL_NULL_CONVERSION = YES;
				CLANG_WARN_OBJC_IMPLICIT_RETAIN_SELF = YES;
				CLANG_WARN_OBJC_LITERAL_CONVERSION = YES;
				CLANG_WARN_OBJC_ROOT_CLASS = YES_ERROR;
				CLANG_WARN_QUOTED_INCLUDE_IN_FRAMEWORK_HEADER = YES;
				CLANG_WARN_RANGE_LOOP_ANALYSIS = YES;
				CLANG_WARN_STRICT_PROTOTYPES = YES;
				CLANG_WARN_SUSPICIOUS_MOVE = YES;
				CLANG_WARN_UNGUARDED_AVAILABILITY = YES_AGGRESSIVE;
				CLANG_WARN_UNREACHABLE_CODE = YES;
				CLANG_WARN__DUPLICATE_METHOD_MATCH = YES;
				COPY_PHASE_STRIP = NO;
				DEBUG_INFORMATION_FORMAT = dwarf;
				ENABLE_STRICT_OBJC_MSGSEND = YES;
				ENABLE_TESTABILITY = YES;
				GCC_C_LANGUAGE_STANDARD = gnu11;
				GCC_DYNAMIC_NO_PIC = NO;
				GCC_NO_COMMON_BLOCKS = YES;
				GCC_OPTIMIZATION_LEVEL = 0;
				GCC_PREPROCESSOR_DEFINITIONS = (
					"DEBUG=1",
					"$(inherited)",
				);
				GCC_WARN_64_TO_32_BIT_CONVERSION = YES;
				GCC_WARN_ABOUT_RETURN_TYPE = YES_ERROR;
				GCC_WARN_UNDECLARED_SELECTOR = YES;
				GCC_WARN_UNINITIALIZED_AUTOS = YES_AGGRESSIVE;
				GCC_WARN_UNUSED_FUNCTION = YES;
				GCC_WARN_UNUSED_VARIABLE = YES;
				IPHONEOS_DEPLOYMENT_TARGET = 16.4;
				MTL_ENABLE_DEBUG_INFO = INCLUDE_SOURCE;
				MTL_FAST_MATH = YES;
				ONLY_ACTIVE_ARCH = YES;
				SDKROOT = iphoneos;
				SWIFT_ACTIVE_COMPILATION_CONDITIONS = DEBUG;
				SWIFT_OPTIMIZATION_LEVEL = "-Onone";
			};
			name = Debug;
		};
		CC21421E2A837CA1009D1C0A /* Release */ = {
			isa = XCBuildConfiguration;
			buildSettings = {
				ALWAYS_SEARCH_USER_PATHS = NO;
				CLANG_ANALYZER_NONNULL = YES;
				CLANG_ANALYZER_NUMBER_OBJECT_CONVERSION = YES_AGGRESSIVE;
				CLANG_CXX_LANGUAGE_STANDARD = "gnu++20";
				CLANG_ENABLE_MODULES = YES;
				CLANG_ENABLE_OBJC_ARC = YES;
				CLANG_ENABLE_OBJC_WEAK = YES;
				CLANG_WARN_BLOCK_CAPTURE_AUTORELEASING = YES;
				CLANG_WARN_BOOL_CONVERSION = YES;
				CLANG_WARN_COMMA = YES;
				CLANG_WARN_CONSTANT_CONVERSION = YES;
				CLANG_WARN_DEPRECATED_OBJC_IMPLEMENTATIONS = YES;
				CLANG_WARN_DIRECT_OBJC_ISA_USAGE = YES_ERROR;
				CLANG_WARN_DOCUMENTATION_COMMENTS = YES;
				CLANG_WARN_EMPTY_BODY = YES;
				CLANG_WARN_ENUM_CONVERSION = YES;
				CLANG_WARN_INFINITE_RECURSION = YES;
				CLANG_WARN_INT_CONVERSION = YES;
				CLANG_WARN_NON_LITERAL_NULL_CONVERSION = YES;
				CLANG_WARN_OBJC_IMPLICIT_RETAIN_SELF = YES;
				CLANG_WARN_OBJC_LITERAL_CONVERSION = YES;
				CLANG_WARN_OBJC_ROOT_CLASS = YES_ERROR;
				CLANG_WARN_QUOTED_INCLUDE_IN_FRAMEWORK_HEADER = YES;
				CLANG_WARN_RANGE_LOOP_ANALYSIS = YES;
				CLANG_WARN_STRICT_PROTOTYPES = YES;
				CLANG_WARN_SUSPICIOUS_MOVE = YES;
				CLANG_WARN_UNGUARDED_AVAILABILITY = YES_AGGRESSIVE;
				CLANG_WARN_UNREACHABLE_CODE = YES;
				CLANG_WARN__DUPLICATE_METHOD_MATCH = YES;
				COPY_PHASE_STRIP = NO;
				DEBUG_INFORMATION_FORMAT = "dwarf-with-dsym";
				ENABLE_NS_ASSERTIONS = NO;
				ENABLE_STRICT_OBJC_MSGSEND = YES;
				GCC_C_LANGUAGE_STANDARD = gnu11;
				GCC_NO_COMMON_BLOCKS = YES;
				GCC_WARN_64_TO_32_BIT_CONVERSION = YES;
				GCC_WARN_ABOUT_RETURN_TYPE = YES_ERROR;
				GCC_WARN_UNDECLARED_SELECTOR = YES;
				GCC_WARN_UNINITIALIZED_AUTOS = YES_AGGRESSIVE;
				GCC_WARN_UNUSED_FUNCTION = YES;
				GCC_WARN_UNUSED_VARIABLE = YES;
				IPHONEOS_DEPLOYMENT_TARGET = 16.4;
				MTL_ENABLE_DEBUG_INFO = NO;
				MTL_FAST_MATH = YES;
				SDKROOT = iphoneos;
				SWIFT_COMPILATION_MODE = wholemodule;
				SWIFT_OPTIMIZATION_LEVEL = "-O";
				VALIDATE_PRODUCT = YES;
			};
			name = Release;
		};
		CC2142202A837CA1009D1C0A /* Debug */ = {
			isa = XCBuildConfiguration;
			buildSettings = {
				ASSETCATALOG_COMPILER_APPICON_NAME = AppIcon;
				ASSETCATALOG_COMPILER_GLOBAL_ACCENT_COLOR_NAME = AccentColor;
				CODE_SIGN_STYLE = Automatic;
				CURRENT_PROJECT_VERSION = 1;
				DEVELOPMENT_TEAM = DVC3LMSS9Q;
				GENERATE_INFOPLIST_FILE = YES;
				INFOPLIST_FILE = Movietranding/Info.plist;
				INFOPLIST_KEY_UIApplicationSupportsIndirectInputEvents = YES;
				INFOPLIST_KEY_UILaunchStoryboardName = LaunchScreen;
				INFOPLIST_KEY_UIMainStoryboardFile = "";
				INFOPLIST_KEY_UISupportedInterfaceOrientations_iPad = "UIInterfaceOrientationPortrait UIInterfaceOrientationPortraitUpsideDown UIInterfaceOrientationLandscapeLeft UIInterfaceOrientationLandscapeRight";
				INFOPLIST_KEY_UISupportedInterfaceOrientations_iPhone = "UIInterfaceOrientationPortrait UIInterfaceOrientationLandscapeLeft UIInterfaceOrientationLandscapeRight";
				LD_RUNPATH_SEARCH_PATHS = (
					"$(inherited)",
					"@executable_path/Frameworks",
				);
				MARKETING_VERSION = 1.0;
				PRODUCT_BUNDLE_IDENTIFIER = integerAcademy.uz.Movietranding;
				PRODUCT_NAME = "$(TARGET_NAME)";
				SWIFT_EMIT_LOC_STRINGS = YES;
				SWIFT_VERSION = 5.0;
				TARGETED_DEVICE_FAMILY = "1,2";
			};
			name = Debug;
		};
		CC2142212A837CA1009D1C0A /* Release */ = {
			isa = XCBuildConfiguration;
			buildSettings = {
				ASSETCATALOG_COMPILER_APPICON_NAME = AppIcon;
				ASSETCATALOG_COMPILER_GLOBAL_ACCENT_COLOR_NAME = AccentColor;
				CODE_SIGN_STYLE = Automatic;
				CURRENT_PROJECT_VERSION = 1;
				DEVELOPMENT_TEAM = DVC3LMSS9Q;
				GENERATE_INFOPLIST_FILE = YES;
				INFOPLIST_FILE = Movietranding/Info.plist;
				INFOPLIST_KEY_UIApplicationSupportsIndirectInputEvents = YES;
				INFOPLIST_KEY_UILaunchStoryboardName = LaunchScreen;
				INFOPLIST_KEY_UIMainStoryboardFile = "";
				INFOPLIST_KEY_UISupportedInterfaceOrientations_iPad = "UIInterfaceOrientationPortrait UIInterfaceOrientationPortraitUpsideDown UIInterfaceOrientationLandscapeLeft UIInterfaceOrientationLandscapeRight";
				INFOPLIST_KEY_UISupportedInterfaceOrientations_iPhone = "UIInterfaceOrientationPortrait UIInterfaceOrientationLandscapeLeft UIInterfaceOrientationLandscapeRight";
				LD_RUNPATH_SEARCH_PATHS = (
					"$(inherited)",
					"@executable_path/Frameworks",
				);
				MARKETING_VERSION = 1.0;
				PRODUCT_BUNDLE_IDENTIFIER = integerAcademy.uz.Movietranding;
				PRODUCT_NAME = "$(TARGET_NAME)";
				SWIFT_EMIT_LOC_STRINGS = YES;
				SWIFT_VERSION = 5.0;
				TARGETED_DEVICE_FAMILY = "1,2";
			};
			name = Release;
		};
/* End XCBuildConfiguration section */

/* Begin XCConfigurationList section */
		CC2142032A837CA0009D1C0A /* Build configuration list for PBXProject "Movietranding" */ = {
			isa = XCConfigurationList;
			buildConfigurations = (
				CC21421D2A837CA1009D1C0A /* Debug */,
				CC21421E2A837CA1009D1C0A /* Release */,
			);
			defaultConfigurationIsVisible = 0;
			defaultConfigurationName = Release;
		};
		CC21421F2A837CA1009D1C0A /* Build configuration list for PBXNativeTarget "Movietranding" */ = {
			isa = XCConfigurationList;
			buildConfigurations = (
				CC2142202A837CA1009D1C0A /* Debug */,
				CC2142212A837CA1009D1C0A /* Release */,
			);
			defaultConfigurationIsVisible = 0;
			defaultConfigurationName = Release;
		};
/* End XCConfigurationList section */

/* Begin XCRemoteSwiftPackageReference section */
		CC572CD82A87A28E0026BCA5 /* XCRemoteSwiftPackageReference "SDWebImage" */ = {
			isa = XCRemoteSwiftPackageReference;
			repositoryURL = "https://github.com/SDWebImage/SDWebImage";
			requirement = {
				kind = upToNextMajorVersion;
				minimumVersion = 5.0.0;
			};
		};
/* End XCRemoteSwiftPackageReference section */

/* Begin XCSwiftPackageProductDependency section */
		CC572CD92A87A28E0026BCA5 /* SDWebImage */ = {
			isa = XCSwiftPackageProductDependency;
			package = CC572CD82A87A28E0026BCA5 /* XCRemoteSwiftPackageReference "SDWebImage" */;
			productName = SDWebImage;
		};
/* End XCSwiftPackageProductDependency section */

/* Begin XCVersionGroup section */
		CC2142142A837CA0009D1C0A /* Movietranding.xcdatamodeld */ = {
			isa = XCVersionGroup;
			children = (
				CC2142152A837CA0009D1C0A /* Movietranding.xcdatamodel */,
			);
			currentVersion = CC2142152A837CA0009D1C0A /* Movietranding.xcdatamodel */;
			path = Movietranding.xcdatamodeld;
			sourceTree = "<group>";
			versionGroupType = wrapper.xcdatamodel;
		};
/* End XCVersionGroup section */
	};
	rootObject = CC2142002A837CA0009D1C0A /* Project object */;
}
